// !$*UTF8*$!
{
	archiveVersion = 1;
	classes = {
	};
	objectVersion = 56;
	objects = {

/* Begin PBXBuildFile section */
		A1743A732B3B871700CA98BE /* AppDelegate.swift in Sources */ = {isa = PBXBuildFile; fileRef = A1743A722B3B871700CA98BE /* AppDelegate.swift */; };
		A1743A752B3B871700CA98BE /* GameScene.sks in Resources */ = {isa = PBXBuildFile; fileRef = A1743A742B3B871700CA98BE /* GameScene.sks */; };
		A1743A772B3B871700CA98BE /* Actions.sks in Resources */ = {isa = PBXBuildFile; fileRef = A1743A762B3B871700CA98BE /* Actions.sks */; };
		A1743A792B3B871700CA98BE /* GameScene.swift in Sources */ = {isa = PBXBuildFile; fileRef = A1743A782B3B871700CA98BE /* GameScene.swift */; };
		A1743A7B2B3B871700CA98BE /* GameViewController.swift in Sources */ = {isa = PBXBuildFile; fileRef = A1743A7A2B3B871700CA98BE /* GameViewController.swift */; };
		A1743A7E2B3B871700CA98BE /* Main.storyboard in Resources */ = {isa = PBXBuildFile; fileRef = A1743A7C2B3B871700CA98BE /* Main.storyboard */; };
		A1743A802B3B871800CA98BE /* Assets.xcassets in Resources */ = {isa = PBXBuildFile; fileRef = A1743A7F2B3B871800CA98BE /* Assets.xcassets */; };
		A1743A832B3B871800CA98BE /* LaunchScreen.storyboard in Resources */ = {isa = PBXBuildFile; fileRef = A1743A812B3B871800CA98BE /* LaunchScreen.storyboard */; };
		A1743A8D2B3B871900CA98BE /* DuckBobClickerTests.swift in Sources */ = {isa = PBXBuildFile; fileRef = A1743A8C2B3B871900CA98BE /* DuckBobClickerTests.swift */; };
		A1743A972B3B871900CA98BE /* DuckBobClickerUITests.swift in Sources */ = {isa = PBXBuildFile; fileRef = A1743A962B3B871900CA98BE /* DuckBobClickerUITests.swift */; };
		A1743A992B3B871900CA98BE /* DuckBobClickerUITestsLaunchTests.swift in Sources */ = {isa = PBXBuildFile; fileRef = A1743A982B3B871900CA98BE /* DuckBobClickerUITestsLaunchTests.swift */; };
		A1743AA62B3B9ED000CA98BE /* CoinButton.swift in Sources */ = {isa = PBXBuildFile; fileRef = A1743AA52B3B9ED000CA98BE /* CoinButton.swift */; };
		A1743AAB2B3BB7C900CA98BE /* Silkscreen-Bold.ttf in Resources */ = {isa = PBXBuildFile; fileRef = A1743AA92B3BB7C900CA98BE /* Silkscreen-Bold.ttf */; };
		A1743AAC2B3BB7C900CA98BE /* Silkscreen-Regular.ttf in Resources */ = {isa = PBXBuildFile; fileRef = A1743AAA2B3BB7C900CA98BE /* Silkscreen-Regular.ttf */; };
		A1743AAF2B3BCBC200CA98BE /* SkillTreeButton.swift in Sources */ = {isa = PBXBuildFile; fileRef = A1743AAE2B3BCBC200CA98BE /* SkillTreeButton.swift */; };
		A1743AB12B3CC1A500CA98BE /* InvestmentsButton.swift in Sources */ = {isa = PBXBuildFile; fileRef = A1743AB02B3CC1A500CA98BE /* InvestmentsButton.swift */; };
		A1743AB62B3CCB9300CA98BE /* Farmers.swift in Sources */ = {isa = PBXBuildFile; fileRef = A1743AB52B3CCB9300CA98BE /* Farmers.swift */; };
		A1743AB82B3CE9A500CA98BE /* InvestmentsContainerView.swift in Sources */ = {isa = PBXBuildFile; fileRef = A1743AB72B3CE9A500CA98BE /* InvestmentsContainerView.swift */; };
		A1743ABA2B3CEA1400CA98BE /* InvestmentView.swift in Sources */ = {isa = PBXBuildFile; fileRef = A1743AB92B3CEA1400CA98BE /* InvestmentView.swift */; };
/* End PBXBuildFile section */

/* Begin PBXContainerItemProxy section */
		A1743A892B3B871900CA98BE /* PBXContainerItemProxy */ = {
			isa = PBXContainerItemProxy;
			containerPortal = A1743A672B3B871600CA98BE /* Project object */;
			proxyType = 1;
			remoteGlobalIDString = A1743A6E2B3B871600CA98BE;
			remoteInfo = DuckBobClicker;
		};
		A1743A932B3B871900CA98BE /* PBXContainerItemProxy */ = {
			isa = PBXContainerItemProxy;
			containerPortal = A1743A672B3B871600CA98BE /* Project object */;
			proxyType = 1;
			remoteGlobalIDString = A1743A6E2B3B871600CA98BE;
			remoteInfo = DuckBobClicker;
		};
/* End PBXContainerItemProxy section */

/* Begin PBXFileReference section */
		A1743A6F2B3B871600CA98BE /* DuckBobClicker.app */ = {isa = PBXFileReference; explicitFileType = wrapper.application; includeInIndex = 0; path = DuckBobClicker.app; sourceTree = BUILT_PRODUCTS_DIR; };
		A1743A722B3B871700CA98BE /* AppDelegate.swift */ = {isa = PBXFileReference; lastKnownFileType = sourcecode.swift; path = AppDelegate.swift; sourceTree = "<group>"; };
		A1743A742B3B871700CA98BE /* GameScene.sks */ = {isa = PBXFileReference; lastKnownFileType = file.sks; path = GameScene.sks; sourceTree = "<group>"; };
		A1743A762B3B871700CA98BE /* Actions.sks */ = {isa = PBXFileReference; lastKnownFileType = file.sks; path = Actions.sks; sourceTree = "<group>"; };
		A1743A782B3B871700CA98BE /* GameScene.swift */ = {isa = PBXFileReference; lastKnownFileType = sourcecode.swift; path = GameScene.swift; sourceTree = "<group>"; };
		A1743A7A2B3B871700CA98BE /* GameViewController.swift */ = {isa = PBXFileReference; lastKnownFileType = sourcecode.swift; path = GameViewController.swift; sourceTree = "<group>"; };
		A1743A7D2B3B871700CA98BE /* Base */ = {isa = PBXFileReference; lastKnownFileType = file.storyboard; name = Base; path = Base.lproj/Main.storyboard; sourceTree = "<group>"; };
		A1743A7F2B3B871800CA98BE /* Assets.xcassets */ = {isa = PBXFileReference; lastKnownFileType = folder.assetcatalog; path = Assets.xcassets; sourceTree = "<group>"; };
		A1743A822B3B871800CA98BE /* Base */ = {isa = PBXFileReference; lastKnownFileType = file.storyboard; name = Base; path = Base.lproj/LaunchScreen.storyboard; sourceTree = "<group>"; };
		A1743A882B3B871900CA98BE /* DuckBobClickerTests.xctest */ = {isa = PBXFileReference; explicitFileType = wrapper.cfbundle; includeInIndex = 0; path = DuckBobClickerTests.xctest; sourceTree = BUILT_PRODUCTS_DIR; };
		A1743A8C2B3B871900CA98BE /* DuckBobClickerTests.swift */ = {isa = PBXFileReference; lastKnownFileType = sourcecode.swift; path = DuckBobClickerTests.swift; sourceTree = "<group>"; };
		A1743A922B3B871900CA98BE /* DuckBobClickerUITests.xctest */ = {isa = PBXFileReference; explicitFileType = wrapper.cfbundle; includeInIndex = 0; path = DuckBobClickerUITests.xctest; sourceTree = BUILT_PRODUCTS_DIR; };
		A1743A962B3B871900CA98BE /* DuckBobClickerUITests.swift */ = {isa = PBXFileReference; lastKnownFileType = sourcecode.swift; path = DuckBobClickerUITests.swift; sourceTree = "<group>"; };
		A1743A982B3B871900CA98BE /* DuckBobClickerUITestsLaunchTests.swift */ = {isa = PBXFileReference; lastKnownFileType = sourcecode.swift; path = DuckBobClickerUITestsLaunchTests.swift; sourceTree = "<group>"; };
		A1743AA52B3B9ED000CA98BE /* CoinButton.swift */ = {isa = PBXFileReference; lastKnownFileType = sourcecode.swift; path = CoinButton.swift; sourceTree = "<group>"; };
		A1743AA92B3BB7C900CA98BE /* Silkscreen-Bold.ttf */ = {isa = PBXFileReference; lastKnownFileType = file; path = "Silkscreen-Bold.ttf"; sourceTree = "<group>"; };
		A1743AAA2B3BB7C900CA98BE /* Silkscreen-Regular.ttf */ = {isa = PBXFileReference; lastKnownFileType = file; path = "Silkscreen-Regular.ttf"; sourceTree = "<group>"; };
		A1743AAD2B3BB82000CA98BE /* Info.plist */ = {isa = PBXFileReference; lastKnownFileType = text.plist; path = Info.plist; sourceTree = "<group>"; };
		A1743AAE2B3BCBC200CA98BE /* SkillTreeButton.swift */ = {isa = PBXFileReference; lastKnownFileType = sourcecode.swift; path = SkillTreeButton.swift; sourceTree = "<group>"; };
		A1743AB02B3CC1A500CA98BE /* InvestmentsButton.swift */ = {isa = PBXFileReference; lastKnownFileType = sourcecode.swift; path = InvestmentsButton.swift; sourceTree = "<group>"; };
		A1743AB52B3CCB9300CA98BE /* Farmers.swift */ = {isa = PBXFileReference; lastKnownFileType = sourcecode.swift; path = Farmers.swift; sourceTree = "<group>"; };
		A1743AB72B3CE9A500CA98BE /* InvestmentsContainerView.swift */ = {isa = PBXFileReference; lastKnownFileType = sourcecode.swift; path = InvestmentsContainerView.swift; sourceTree = "<group>"; };
		A1743AB92B3CEA1400CA98BE /* InvestmentView.swift */ = {isa = PBXFileReference; lastKnownFileType = sourcecode.swift; path = InvestmentView.swift; sourceTree = "<group>"; };
/* End PBXFileReference section */

/* Begin PBXFrameworksBuildPhase section */
		A1743A6C2B3B871600CA98BE /* Frameworks */ = {
			isa = PBXFrameworksBuildPhase;
			buildActionMask = 2147483647;
			files = (
			);
			runOnlyForDeploymentPostprocessing = 0;
		};
		A1743A852B3B871900CA98BE /* Frameworks */ = {
			isa = PBXFrameworksBuildPhase;
			buildActionMask = 2147483647;
			files = (
			);
			runOnlyForDeploymentPostprocessing = 0;
		};
		A1743A8F2B3B871900CA98BE /* Frameworks */ = {
			isa = PBXFrameworksBuildPhase;
			buildActionMask = 2147483647;
			files = (
			);
			runOnlyForDeploymentPostprocessing = 0;
		};
/* End PBXFrameworksBuildPhase section */

/* Begin PBXGroup section */
		A1743A662B3B871600CA98BE = {
			isa = PBXGroup;
			children = (
				A1743A712B3B871600CA98BE /* DuckBobClicker */,
				A1743A8B2B3B871900CA98BE /* DuckBobClickerTests */,
				A1743A952B3B871900CA98BE /* DuckBobClickerUITests */,
				A1743A702B3B871600CA98BE /* Products */,
			);
			sourceTree = "<group>";
		};
		A1743A702B3B871600CA98BE /* Products */ = {
			isa = PBXGroup;
			children = (
				A1743A6F2B3B871600CA98BE /* DuckBobClicker.app */,
				A1743A882B3B871900CA98BE /* DuckBobClickerTests.xctest */,
				A1743A922B3B871900CA98BE /* DuckBobClickerUITests.xctest */,
			);
			name = Products;
			sourceTree = "<group>";
		};
		A1743A712B3B871600CA98BE /* DuckBobClicker */ = {
			isa = PBXGroup;
			children = (
				A1743AB42B3CCB8000CA98BE /* Investments */,
				A1743AB32B3CCB7200CA98BE /* Fonts */,
				A1743AB22B3CCB5600CA98BE /* Buttons */,
				A1743AAD2B3BB82000CA98BE /* Info.plist */,
				A1743A722B3B871700CA98BE /* AppDelegate.swift */,
				A1743A742B3B871700CA98BE /* GameScene.sks */,
				A1743A762B3B871700CA98BE /* Actions.sks */,
				A1743A782B3B871700CA98BE /* GameScene.swift */,
				A1743A7A2B3B871700CA98BE /* GameViewController.swift */,
				A1743A7C2B3B871700CA98BE /* Main.storyboard */,
				A1743A7F2B3B871800CA98BE /* Assets.xcassets */,
				A1743A812B3B871800CA98BE /* LaunchScreen.storyboard */,
			);
			path = DuckBobClicker;
			sourceTree = "<group>";
		};
		A1743A8B2B3B871900CA98BE /* DuckBobClickerTests */ = {
			isa = PBXGroup;
			children = (
				A1743A8C2B3B871900CA98BE /* DuckBobClickerTests.swift */,
			);
			path = DuckBobClickerTests;
			sourceTree = "<group>";
		};
		A1743A952B3B871900CA98BE /* DuckBobClickerUITests */ = {
			isa = PBXGroup;
			children = (
				A1743A962B3B871900CA98BE /* DuckBobClickerUITests.swift */,
				A1743A982B3B871900CA98BE /* DuckBobClickerUITestsLaunchTests.swift */,
			);
			path = DuckBobClickerUITests;
			sourceTree = "<group>";
		};
		A1743AB22B3CCB5600CA98BE /* Buttons */ = {
			isa = PBXGroup;
			children = (
				A1743AA52B3B9ED000CA98BE /* CoinButton.swift */,
				A1743AAE2B3BCBC200CA98BE /* SkillTreeButton.swift */,
				A1743AB02B3CC1A500CA98BE /* InvestmentsButton.swift */,
			);
			path = Buttons;
			sourceTree = "<group>";
		};
		A1743AB32B3CCB7200CA98BE /* Fonts */ = {
			isa = PBXGroup;
			children = (
				A1743AA92B3BB7C900CA98BE /* Silkscreen-Bold.ttf */,
				A1743AAA2B3BB7C900CA98BE /* Silkscreen-Regular.ttf */,
			);
			path = Fonts;
			sourceTree = "<group>";
		};
		A1743AB42B3CCB8000CA98BE /* Investments */ = {
			isa = PBXGroup;
			children = (
				A1743AB52B3CCB9300CA98BE /* Farmers.swift */,
				A1743AB72B3CE9A500CA98BE /* InvestmentsContainerView.swift */,
				A1743AB92B3CEA1400CA98BE /* InvestmentView.swift */,
			);
			path = Investments;
			sourceTree = "<group>";
		};
/* End PBXGroup section */

/* Begin PBXNativeTarget section */
		A1743A6E2B3B871600CA98BE /* DuckBobClicker */ = {
			isa = PBXNativeTarget;
			buildConfigurationList = A1743A9C2B3B871900CA98BE /* Build configuration list for PBXNativeTarget "DuckBobClicker" */;
			buildPhases = (
				A1743A6B2B3B871600CA98BE /* Sources */,
				A1743A6C2B3B871600CA98BE /* Frameworks */,
				A1743A6D2B3B871600CA98BE /* Resources */,
			);
			buildRules = (
			);
			dependencies = (
			);
			name = DuckBobClicker;
			productName = DuckBobClicker;
			productReference = A1743A6F2B3B871600CA98BE /* DuckBobClicker.app */;
			productType = "com.apple.product-type.application";
		};
		A1743A872B3B871900CA98BE /* DuckBobClickerTests */ = {
			isa = PBXNativeTarget;
			buildConfigurationList = A1743A9F2B3B871900CA98BE /* Build configuration list for PBXNativeTarget "DuckBobClickerTests" */;
			buildPhases = (
				A1743A842B3B871900CA98BE /* Sources */,
				A1743A852B3B871900CA98BE /* Frameworks */,
				A1743A862B3B871900CA98BE /* Resources */,
			);
			buildRules = (
			);
			dependencies = (
				A1743A8A2B3B871900CA98BE /* PBXTargetDependency */,
			);
			name = DuckBobClickerTests;
			productName = DuckBobClickerTests;
			productReference = A1743A882B3B871900CA98BE /* DuckBobClickerTests.xctest */;
			productType = "com.apple.product-type.bundle.unit-test";
		};
		A1743A912B3B871900CA98BE /* DuckBobClickerUITests */ = {
			isa = PBXNativeTarget;
			buildConfigurationList = A1743AA22B3B871900CA98BE /* Build configuration list for PBXNativeTarget "DuckBobClickerUITests" */;
			buildPhases = (
				A1743A8E2B3B871900CA98BE /* Sources */,
				A1743A8F2B3B871900CA98BE /* Frameworks */,
				A1743A902B3B871900CA98BE /* Resources */,
			);
			buildRules = (
			);
			dependencies = (
				A1743A942B3B871900CA98BE /* PBXTargetDependency */,
			);
			name = DuckBobClickerUITests;
			productName = DuckBobClickerUITests;
			productReference = A1743A922B3B871900CA98BE /* DuckBobClickerUITests.xctest */;
			productType = "com.apple.product-type.bundle.ui-testing";
		};
/* End PBXNativeTarget section */

/* Begin PBXProject section */
		A1743A672B3B871600CA98BE /* Project object */ = {
			isa = PBXProject;
			attributes = {
				BuildIndependentTargetsInParallel = 1;
				LastSwiftUpdateCheck = 1430;
				LastUpgradeCheck = 1430;
				TargetAttributes = {
					A1743A6E2B3B871600CA98BE = {
						CreatedOnToolsVersion = 14.3.1;
					};
					A1743A872B3B871900CA98BE = {
						CreatedOnToolsVersion = 14.3.1;
						TestTargetID = A1743A6E2B3B871600CA98BE;
					};
					A1743A912B3B871900CA98BE = {
						CreatedOnToolsVersion = 14.3.1;
						TestTargetID = A1743A6E2B3B871600CA98BE;
					};
				};
			};
			buildConfigurationList = A1743A6A2B3B871600CA98BE /* Build configuration list for PBXProject "DuckBobClicker" */;
			compatibilityVersion = "Xcode 14.0";
			developmentRegion = en;
			hasScannedForEncodings = 0;
			knownRegions = (
				en,
				Base,
			);
			mainGroup = A1743A662B3B871600CA98BE;
			productRefGroup = A1743A702B3B871600CA98BE /* Products */;
			projectDirPath = "";
			projectRoot = "";
			targets = (
				A1743A6E2B3B871600CA98BE /* DuckBobClicker */,
				A1743A872B3B871900CA98BE /* DuckBobClickerTests */,
				A1743A912B3B871900CA98BE /* DuckBobClickerUITests */,
			);
		};
/* End PBXProject section */

/* Begin PBXResourcesBuildPhase section */
		A1743A6D2B3B871600CA98BE /* Resources */ = {
			isa = PBXResourcesBuildPhase;
			buildActionMask = 2147483647;
			files = (
				A1743A7E2B3B871700CA98BE /* Main.storyboard in Resources */,
				A1743AAC2B3BB7C900CA98BE /* Silkscreen-Regular.ttf in Resources */,
				A1743A752B3B871700CA98BE /* GameScene.sks in Resources */,
				A1743A802B3B871800CA98BE /* Assets.xcassets in Resources */,
				A1743A832B3B871800CA98BE /* LaunchScreen.storyboard in Resources */,
				A1743AAB2B3BB7C900CA98BE /* Silkscreen-Bold.ttf in Resources */,
				A1743A772B3B871700CA98BE /* Actions.sks in Resources */,
			);
			runOnlyForDeploymentPostprocessing = 0;
		};
		A1743A862B3B871900CA98BE /* Resources */ = {
			isa = PBXResourcesBuildPhase;
			buildActionMask = 2147483647;
			files = (
			);
			runOnlyForDeploymentPostprocessing = 0;
		};
		A1743A902B3B871900CA98BE /* Resources */ = {
			isa = PBXResourcesBuildPhase;
			buildActionMask = 2147483647;
			files = (
			);
			runOnlyForDeploymentPostprocessing = 0;
		};
/* End PBXResourcesBuildPhase section */

/* Begin PBXSourcesBuildPhase section */
		A1743A6B2B3B871600CA98BE /* Sources */ = {
			isa = PBXSourcesBuildPhase;
			buildActionMask = 2147483647;
			files = (
				A1743AB62B3CCB9300CA98BE /* Farmers.swift in Sources */,
				A1743AB12B3CC1A500CA98BE /* InvestmentsButton.swift in Sources */,
				A1743AA62B3B9ED000CA98BE /* CoinButton.swift in Sources */,
				A1743A792B3B871700CA98BE /* GameScene.swift in Sources */,
				A1743ABA2B3CEA1400CA98BE /* InvestmentView.swift in Sources */,
				A1743AAF2B3BCBC200CA98BE /* SkillTreeButton.swift in Sources */,
				A1743A7B2B3B871700CA98BE /* GameViewController.swift in Sources */,
				A1743A732B3B871700CA98BE /* AppDelegate.swift in Sources */,
				A1743AB82B3CE9A500CA98BE /* InvestmentsContainerView.swift in Sources */,
			);
			runOnlyForDeploymentPostprocessing = 0;
		};
		A1743A842B3B871900CA98BE /* Sources */ = {
			isa = PBXSourcesBuildPhase;
			buildActionMask = 2147483647;
			files = (
				A1743A8D2B3B871900CA98BE /* DuckBobClickerTests.swift in Sources */,
			);
			runOnlyForDeploymentPostprocessing = 0;
		};
		A1743A8E2B3B871900CA98BE /* Sources */ = {
			isa = PBXSourcesBuildPhase;
			buildActionMask = 2147483647;
			files = (
				A1743A972B3B871900CA98BE /* DuckBobClickerUITests.swift in Sources */,
				A1743A992B3B871900CA98BE /* DuckBobClickerUITestsLaunchTests.swift in Sources */,
			);
			runOnlyForDeploymentPostprocessing = 0;
		};
/* End PBXSourcesBuildPhase section */

/* Begin PBXTargetDependency section */
		A1743A8A2B3B871900CA98BE /* PBXTargetDependency */ = {
			isa = PBXTargetDependency;
			target = A1743A6E2B3B871600CA98BE /* DuckBobClicker */;
			targetProxy = A1743A892B3B871900CA98BE /* PBXContainerItemProxy */;
		};
		A1743A942B3B871900CA98BE /* PBXTargetDependency */ = {
			isa = PBXTargetDependency;
			target = A1743A6E2B3B871600CA98BE /* DuckBobClicker */;
			targetProxy = A1743A932B3B871900CA98BE /* PBXContainerItemProxy */;
		};
/* End PBXTargetDependency section */

/* Begin PBXVariantGroup section */
		A1743A7C2B3B871700CA98BE /* Main.storyboard */ = {
			isa = PBXVariantGroup;
			children = (
				A1743A7D2B3B871700CA98BE /* Base */,
			);
			name = Main.storyboard;
			sourceTree = "<group>";
		};
		A1743A812B3B871800CA98BE /* LaunchScreen.storyboard */ = {
			isa = PBXVariantGroup;
			children = (
				A1743A822B3B871800CA98BE /* Base */,
			);
			name = LaunchScreen.storyboard;
			sourceTree = "<group>";
		};
/* End PBXVariantGroup section */

/* Begin XCBuildConfiguration section */
		A1743A9A2B3B871900CA98BE /* Debug */ = {
			isa = XCBuildConfiguration;
			buildSettings = {
				ALWAYS_SEARCH_USER_PATHS = NO;
				CLANG_ANALYZER_NONNULL = YES;
				CLANG_ANALYZER_NUMBER_OBJECT_CONVERSION = YES_AGGRESSIVE;
				CLANG_CXX_LANGUAGE_STANDARD = "gnu++20";
				CLANG_ENABLE_MODULES = YES;
				CLANG_ENABLE_OBJC_ARC = YES;
				CLANG_ENABLE_OBJC_WEAK = YES;
				CLANG_WARN_BLOCK_CAPTURE_AUTORELEASING = YES;
				CLANG_WARN_BOOL_CONVERSION = YES;
				CLANG_WARN_COMMA = YES;
				CLANG_WARN_CONSTANT_CONVERSION = YES;
				CLANG_WARN_DEPRECATED_OBJC_IMPLEMENTATIONS = YES;
				CLANG_WARN_DIRECT_OBJC_ISA_USAGE = YES_ERROR;
				CLANG_WARN_DOCUMENTATION_COMMENTS = YES;
				CLANG_WARN_EMPTY_BODY = YES;
				CLANG_WARN_ENUM_CONVERSION = YES;
				CLANG_WARN_INFINITE_RECURSION = YES;
				CLANG_WARN_INT_CONVERSION = YES;
				CLANG_WARN_NON_LITERAL_NULL_CONVERSION = YES;
				CLANG_WARN_OBJC_IMPLICIT_RETAIN_SELF = YES;
				CLANG_WARN_OBJC_LITERAL_CONVERSION = YES;
				CLANG_WARN_OBJC_ROOT_CLASS = YES_ERROR;
				CLANG_WARN_QUOTED_INCLUDE_IN_FRAMEWORK_HEADER = YES;
				CLANG_WARN_RANGE_LOOP_ANALYSIS = YES;
				CLANG_WARN_STRICT_PROTOTYPES = YES;
				CLANG_WARN_SUSPICIOUS_MOVE = YES;
				CLANG_WARN_UNGUARDED_AVAILABILITY = YES_AGGRESSIVE;
				CLANG_WARN_UNREACHABLE_CODE = YES;
				CLANG_WARN__DUPLICATE_METHOD_MATCH = YES;
				COPY_PHASE_STRIP = NO;
				DEBUG_INFORMATION_FORMAT = dwarf;
				ENABLE_STRICT_OBJC_MSGSEND = YES;
				ENABLE_TESTABILITY = YES;
				GCC_C_LANGUAGE_STANDARD = gnu11;
				GCC_DYNAMIC_NO_PIC = NO;
				GCC_NO_COMMON_BLOCKS = YES;
				GCC_OPTIMIZATION_LEVEL = 0;
				GCC_PREPROCESSOR_DEFINITIONS = (
					"DEBUG=1",
					"$(inherited)",
				);
				GCC_WARN_64_TO_32_BIT_CONVERSION = YES;
				GCC_WARN_ABOUT_RETURN_TYPE = YES_ERROR;
				GCC_WARN_UNDECLARED_SELECTOR = YES;
				GCC_WARN_UNINITIALIZED_AUTOS = YES_AGGRESSIVE;
				GCC_WARN_UNUSED_FUNCTION = YES;
				GCC_WARN_UNUSED_VARIABLE = YES;
				IPHONEOS_DEPLOYMENT_TARGET = 16.4;
				MTL_ENABLE_DEBUG_INFO = INCLUDE_SOURCE;
				MTL_FAST_MATH = YES;
				ONLY_ACTIVE_ARCH = YES;
				SDKROOT = iphoneos;
				SWIFT_ACTIVE_COMPILATION_CONDITIONS = DEBUG;
				SWIFT_OPTIMIZATION_LEVEL = "-Onone";
			};
			name = Debug;
		};
		A1743A9B2B3B871900CA98BE /* Release */ = {
			isa = XCBuildConfiguration;
			buildSettings = {
				ALWAYS_SEARCH_USER_PATHS = NO;
				CLANG_ANALYZER_NONNULL = YES;
				CLANG_ANALYZER_NUMBER_OBJECT_CONVERSION = YES_AGGRESSIVE;
				CLANG_CXX_LANGUAGE_STANDARD = "gnu++20";
				CLANG_ENABLE_MODULES = YES;
				CLANG_ENABLE_OBJC_ARC = YES;
				CLANG_ENABLE_OBJC_WEAK = YES;
				CLANG_WARN_BLOCK_CAPTURE_AUTORELEASING = YES;
				CLANG_WARN_BOOL_CONVERSION = YES;
				CLANG_WARN_COMMA = YES;
				CLANG_WARN_CONSTANT_CONVERSION = YES;
				CLANG_WARN_DEPRECATED_OBJC_IMPLEMENTATIONS = YES;
				CLANG_WARN_DIRECT_OBJC_ISA_USAGE = YES_ERROR;
				CLANG_WARN_DOCUMENTATION_COMMENTS = YES;
				CLANG_WARN_EMPTY_BODY = YES;
				CLANG_WARN_ENUM_CONVERSION = YES;
				CLANG_WARN_INFINITE_RECURSION = YES;
				CLANG_WARN_INT_CONVERSION = YES;
				CLANG_WARN_NON_LITERAL_NULL_CONVERSION = YES;
				CLANG_WARN_OBJC_IMPLICIT_RETAIN_SELF = YES;
				CLANG_WARN_OBJC_LITERAL_CONVERSION = YES;
				CLANG_WARN_OBJC_ROOT_CLASS = YES_ERROR;
				CLANG_WARN_QUOTED_INCLUDE_IN_FRAMEWORK_HEADER = YES;
				CLANG_WARN_RANGE_LOOP_ANALYSIS = YES;
				CLANG_WARN_STRICT_PROTOTYPES = YES;
				CLANG_WARN_SUSPICIOUS_MOVE = YES;
				CLANG_WARN_UNGUARDED_AVAILABILITY = YES_AGGRESSIVE;
				CLANG_WARN_UNREACHABLE_CODE = YES;
				CLANG_WARN__DUPLICATE_METHOD_MATCH = YES;
				COPY_PHASE_STRIP = NO;
				DEBUG_INFORMATION_FORMAT = "dwarf-with-dsym";
				ENABLE_NS_ASSERTIONS = NO;
				ENABLE_STRICT_OBJC_MSGSEND = YES;
				GCC_C_LANGUAGE_STANDARD = gnu11;
				GCC_NO_COMMON_BLOCKS = YES;
				GCC_WARN_64_TO_32_BIT_CONVERSION = YES;
				GCC_WARN_ABOUT_RETURN_TYPE = YES_ERROR;
				GCC_WARN_UNDECLARED_SELECTOR = YES;
				GCC_WARN_UNINITIALIZED_AUTOS = YES_AGGRESSIVE;
				GCC_WARN_UNUSED_FUNCTION = YES;
				GCC_WARN_UNUSED_VARIABLE = YES;
				IPHONEOS_DEPLOYMENT_TARGET = 16.4;
				MTL_ENABLE_DEBUG_INFO = NO;
				MTL_FAST_MATH = YES;
				SDKROOT = iphoneos;
				SWIFT_COMPILATION_MODE = wholemodule;
				SWIFT_OPTIMIZATION_LEVEL = "-O";
				VALIDATE_PRODUCT = YES;
			};
			name = Release;
		};
		A1743A9D2B3B871900CA98BE /* Debug */ = {
			isa = XCBuildConfiguration;
			buildSettings = {
				ASSETCATALOG_COMPILER_APPICON_NAME = AppIcon;
				ASSETCATALOG_COMPILER_GLOBAL_ACCENT_COLOR_NAME = AccentColor;
				CODE_SIGN_STYLE = Automatic;
				CURRENT_PROJECT_VERSION = 1;
				DEVELOPMENT_TEAM = LQF2R374P8;
				GENERATE_INFOPLIST_FILE = YES;
				INFOPLIST_FILE = DuckBobClicker/Info.plist;
				INFOPLIST_KEY_UIApplicationSupportsIndirectInputEvents = YES;
				INFOPLIST_KEY_UILaunchStoryboardName = LaunchScreen;
				INFOPLIST_KEY_UIMainStoryboardFile = Main;
				INFOPLIST_KEY_UIStatusBarHidden = YES;
				INFOPLIST_KEY_UISupportedInterfaceOrientations_iPad = "UIInterfaceOrientationPortrait UIInterfaceOrientationPortraitUpsideDown UIInterfaceOrientationLandscapeLeft UIInterfaceOrientationLandscapeRight";
				INFOPLIST_KEY_UISupportedInterfaceOrientations_iPhone = "UIInterfaceOrientationPortrait UIInterfaceOrientationLandscapeLeft UIInterfaceOrientationLandscapeRight";
				LD_RUNPATH_SEARCH_PATHS = (
					"$(inherited)",
					"@executable_path/Frameworks",
				);
				MARKETING_VERSION = 1.0;
				PRODUCT_BUNDLE_IDENTIFIER = me.DuckBobClicker;
				PRODUCT_NAME = "$(TARGET_NAME)";
				SWIFT_EMIT_LOC_STRINGS = YES;
				SWIFT_VERSION = 5.0;
				TARGETED_DEVICE_FAMILY = "1,2";
			};
			name = Debug;
		};
		A1743A9E2B3B871900CA98BE /* Release */ = {
			isa = XCBuildConfiguration;
			buildSettings = {
				ASSETCATALOG_COMPILER_APPICON_NAME = AppIcon;
				ASSETCATALOG_COMPILER_GLOBAL_ACCENT_COLOR_NAME = AccentColor;
				CODE_SIGN_STYLE = Automatic;
				CURRENT_PROJECT_VERSION = 1;
				DEVELOPMENT_TEAM = LQF2R374P8;
				GENERATE_INFOPLIST_FILE = YES;
				INFOPLIST_FILE = DuckBobClicker/Info.plist;
				INFOPLIST_KEY_UIApplicationSupportsIndirectInputEvents = YES;
				INFOPLIST_KEY_UILaunchStoryboardName = LaunchScreen;
				INFOPLIST_KEY_UIMainStoryboardFile = Main;
				INFOPLIST_KEY_UIStatusBarHidden = YES;
				INFOPLIST_KEY_UISupportedInterfaceOrientations_iPad = "UIInterfaceOrientationPortrait UIInterfaceOrientationPortraitUpsideDown UIInterfaceOrientationLandscapeLeft UIInterfaceOrientationLandscapeRight";
				INFOPLIST_KEY_UISupportedInterfaceOrientations_iPhone = "UIInterfaceOrientationPortrait UIInterfaceOrientationLandscapeLeft UIInterfaceOrientationLandscapeRight";
				LD_RUNPATH_SEARCH_PATHS = (
					"$(inherited)",
					"@executable_path/Frameworks",
				);
				MARKETING_VERSION = 1.0;
				PRODUCT_BUNDLE_IDENTIFIER = me.DuckBobClicker;
				PRODUCT_NAME = "$(TARGET_NAME)";
				SWIFT_EMIT_LOC_STRINGS = YES;
				SWIFT_VERSION = 5.0;
				TARGETED_DEVICE_FAMILY = "1,2";
			};
			name = Release;
		};
		A1743AA02B3B871900CA98BE /* Debug */ = {
			isa = XCBuildConfiguration;
			buildSettings = {
				ALWAYS_EMBED_SWIFT_STANDARD_LIBRARIES = YES;
				BUNDLE_LOADER = "$(TEST_HOST)";
				CODE_SIGN_STYLE = Automatic;
				CURRENT_PROJECT_VERSION = 1;
				GENERATE_INFOPLIST_FILE = YES;
				IPHONEOS_DEPLOYMENT_TARGET = 16.4;
				MARKETING_VERSION = 1.0;
				PRODUCT_BUNDLE_IDENTIFIER = me.DuckBobClickerTests;
				PRODUCT_NAME = "$(TARGET_NAME)";
				SWIFT_EMIT_LOC_STRINGS = NO;
				SWIFT_VERSION = 5.0;
				TARGETED_DEVICE_FAMILY = "1,2";
				TEST_HOST = "$(BUILT_PRODUCTS_DIR)/DuckBobClicker.app/$(BUNDLE_EXECUTABLE_FOLDER_PATH)/DuckBobClicker";
			};
			name = Debug;
		};
		A1743AA12B3B871900CA98BE /* Release */ = {
			isa = XCBuildConfiguration;
			buildSettings = {
				ALWAYS_EMBED_SWIFT_STANDARD_LIBRARIES = YES;
				BUNDLE_LOADER = "$(TEST_HOST)";
				CODE_SIGN_STYLE = Automatic;
				CURRENT_PROJECT_VERSION = 1;
				GENERATE_INFOPLIST_FILE = YES;
				IPHONEOS_DEPLOYMENT_TARGET = 16.4;
				MARKETING_VERSION = 1.0;
				PRODUCT_BUNDLE_IDENTIFIER = me.DuckBobClickerTests;
				PRODUCT_NAME = "$(TARGET_NAME)";
				SWIFT_EMIT_LOC_STRINGS = NO;
				SWIFT_VERSION = 5.0;
				TARGETED_DEVICE_FAMILY = "1,2";
				TEST_HOST = "$(BUILT_PRODUCTS_DIR)/DuckBobClicker.app/$(BUNDLE_EXECUTABLE_FOLDER_PATH)/DuckBobClicker";
			};
			name = Release;
		};
		A1743AA32B3B871900CA98BE /* Debug */ = {
			isa = XCBuildConfiguration;
			buildSettings = {
				ALWAYS_EMBED_SWIFT_STANDARD_LIBRARIES = YES;
				CODE_SIGN_STYLE = Automatic;
				CURRENT_PROJECT_VERSION = 1;
				GENERATE_INFOPLIST_FILE = YES;
				MARKETING_VERSION = 1.0;
				PRODUCT_BUNDLE_IDENTIFIER = me.DuckBobClickerUITests;
				PRODUCT_NAME = "$(TARGET_NAME)";
				SWIFT_EMIT_LOC_STRINGS = NO;
				SWIFT_VERSION = 5.0;
				TARGETED_DEVICE_FAMILY = "1,2";
				TEST_TARGET_NAME = DuckBobClicker;
			};
			name = Debug;
		};
		A1743AA42B3B871900CA98BE /* Release */ = {
			isa = XCBuildConfiguration;
			buildSettings = {
				ALWAYS_EMBED_SWIFT_STANDARD_LIBRARIES = YES;
				CODE_SIGN_STYLE = Automatic;
				CURRENT_PROJECT_VERSION = 1;
				GENERATE_INFOPLIST_FILE = YES;
				MARKETING_VERSION = 1.0;
				PRODUCT_BUNDLE_IDENTIFIER = me.DuckBobClickerUITests;
				PRODUCT_NAME = "$(TARGET_NAME)";
				SWIFT_EMIT_LOC_STRINGS = NO;
				SWIFT_VERSION = 5.0;
				TARGETED_DEVICE_FAMILY = "1,2";
				TEST_TARGET_NAME = DuckBobClicker;
			};
			name = Release;
		};
/* End XCBuildConfiguration section */

/* Begin XCConfigurationList section */
		A1743A6A2B3B871600CA98BE /* Build configuration list for PBXProject "DuckBobClicker" */ = {
			isa = XCConfigurationList;
			buildConfigurations = (
				A1743A9A2B3B871900CA98BE /* Debug */,
				A1743A9B2B3B871900CA98BE /* Release */,
			);
			defaultConfigurationIsVisible = 0;
			defaultConfigurationName = Release;
		};
		A1743A9C2B3B871900CA98BE /* Build configuration list for PBXNativeTarget "DuckBobClicker" */ = {
			isa = XCConfigurationList;
			buildConfigurations = (
				A1743A9D2B3B871900CA98BE /* Debug */,
				A1743A9E2B3B871900CA98BE /* Release */,
			);
			defaultConfigurationIsVisible = 0;
			defaultConfigurationName = Release;
		};
		A1743A9F2B3B871900CA98BE /* Build configuration list for PBXNativeTarget "DuckBobClickerTests" */ = {
			isa = XCConfigurationList;
			buildConfigurations = (
				A1743AA02B3B871900CA98BE /* Debug */,
				A1743AA12B3B871900CA98BE /* Release */,
			);
			defaultConfigurationIsVisible = 0;
			defaultConfigurationName = Release;
		};
		A1743AA22B3B871900CA98BE /* Build configuration list for PBXNativeTarget "DuckBobClickerUITests" */ = {
			isa = XCConfigurationList;
			buildConfigurations = (
				A1743AA32B3B871900CA98BE /* Debug */,
				A1743AA42B3B871900CA98BE /* Release */,
			);
			defaultConfigurationIsVisible = 0;
			defaultConfigurationName = Release;
		};
/* End XCConfigurationList section */
	};
	rootObject = A1743A672B3B871600CA98BE /* Project object */;
}
